
Microsoft Visual Studio Solution File, Format Version 12.00
# Visual Studio Version 17
VisualStudioVersion = 17.3.32929.385
MinimumVisualStudioVersion = 10.0.40219.1
Project("{FAE04EC0-301F-11D3-BF4B-00C04F79EFBC}") = "Asset_Managment", "Asset_Managment.csproj", "{64788C2A-4B53-4DC4-A559-E6399F33576B}"
EndProject
Global
	GlobalSection(SolutionConfigurationPlatforms) = preSolution
		Debug|Any CPU = Debug|Any CPU
		Release|Any CPU = Release|Any CPU
	EndGlobalSection
	GlobalSection(ProjectConfigurationPlatforms) = postSolution
		{64788C2A-4B53-4DC4-A559-E6399F33576B}.Debug|Any CPU.ActiveCfg = Debug|Any CPU
		{64788C2A-4B53-4DC4-A559-E6399F33576B}.Debug|Any CPU.Build.0 = Debug|Any CPU
		{64788C2A-4B53-4DC4-A559-E6399F33576B}.Release|Any CPU.ActiveCfg = Release|Any CPU
		{64788C2A-4B53-4DC4-A559-E6399F33576B}.Release|Any CPU.Build.0 = Release|Any CPU
	EndGlobalSection
	GlobalSection(SolutionProperties) = preSolution
		HideSolutionNode = FALSE
	EndGlobalSection
	GlobalSection(ExtensibilityGlobals) = postSolution
		SolutionGuid = {F1F150C5-98EF-4559-92EB-FA240C26DBF3}
	EndGlobalSection
EndGlobal
